
Microsoft Visual Studio Solution File, Format Version 12.00
# Visual Studio Version 17
VisualStudioVersion = 17.5.33530.505
MinimumVisualStudioVersion = 10.0.40219.1
Project("{FAE04EC0-301F-11D3-BF4B-00C04F79EFBC}") = "Final_project_in_Event", "Final_project_in_Event.csproj", "{D0885E7A-15A8-40D5-A3A5-CC18D462D13E}"
EndProject
Global
	GlobalSection(SolutionConfigurationPlatforms) = preSolution
		Debug|Any CPU = Debug|Any CPU
		Release|Any CPU = Release|Any CPU
	EndGlobalSection
	GlobalSection(ProjectConfigurationPlatforms) = postSolution
		{D0885E7A-15A8-40D5-A3A5-CC18D462D13E}.Debug|Any CPU.ActiveCfg = Debug|Any CPU
		{D0885E7A-15A8-40D5-A3A5-CC18D462D13E}.Debug|Any CPU.Build.0 = Debug|Any CPU
		{D0885E7A-15A8-40D5-A3A5-CC18D462D13E}.Release|Any CPU.ActiveCfg = Release|Any CPU
		{D0885E7A-15A8-40D5-A3A5-CC18D462D13E}.Release|Any CPU.Build.0 = Release|Any CPU
	EndGlobalSection
	GlobalSection(SolutionProperties) = preSolution
		HideSolutionNode = FALSE
	EndGlobalSection
	GlobalSection(ExtensibilityGlobals) = postSolution
		SolutionGuid = {6ACB8782-6139-469D-8075-3DBD03F4AF18}
	EndGlobalSection
EndGlobal
